# This file is autogenerated, do not edit; changes may be undone by the next 'dep ensure'.


[[projects]]
  digest = "1:c5610304892998ec6298d9573794471fc51161151a862faa1ea31aa45f60f524"
  name = "github.com/apache/calcite-avatica-go"
  packages = [
    ".",
    "errors",
    "generic",
    "hsqldb",
    "internal",
    "message",
    "phoenix",
  ]
  pruneopts = "UT"
  revision = "0e1ae23d79c9f6d92337a13c9c15318a1c7570dc"
  version = "v3.1.0"

[[projects]]
  digest = "1:c47f4964978e211c6e566596ec6246c329912ea92e9bb99c00798bb4564c5b09"
  name = "github.com/armon/go-radix"
  packages = ["."]
  pruneopts = "UT"
  revision = "1a2de0c21c94309923825da3df33a4381872c795"
  version = "v1.0.0"

[[projects]]
  digest = "1:326d0cb18775f144857ab4ba7b5c90ac8e5dc47fef153a18010550516c632b0e"
  name = "github.com/elastic/go-sysinfo"
  packages = [
    ".",
    "internal/registry",
    "providers/darwin",
    "providers/linux",
    "providers/shared",
    "providers/windows",
    "types",
  ]
  pruneopts = "UT"
  revision = "8e0e854621d7e11462d5379fe90d004214482e73"
  version = "v1.0.1"

[[projects]]
  digest = "1:5fd69478ead8ea1e30701e4aca2d7a14c97419dd1fd495e4fbb730495c61ea31"
  name = "github.com/elastic/go-windows"
  packages = ["."]
  pruneopts = "UT"
  revision = "4fe172db2494b71a5b0d1de5a0248e543d7249f4"
  version = "v1.0.0"

[[projects]]
  digest = "1:2b59aca2665ff804f6606c8829eaee133ddd3aefbc841014660d961b0034f888"
  name = "github.com/gin-contrib/cors"
  packages = ["."]
  pruneopts = "UT"
  revision = "cf4846e6a636a76237a28d9286f163c132e841bc"
  version = "v1.2"

[[projects]]
  digest = "1:36fe9527deed01d2a317617e59304eb2c4ce9f8a24115bcc5c2e37b3aee5bae4"
  name = "github.com/gin-contrib/sse"
  packages = ["."]
  pruneopts = "UT"
  revision = "22d885f9ecc78bf4ee5d72b937e4bbcdc58e8cae"

[[projects]]
  digest = "1:d5083934eb25e45d17f72ffa86cae3814f4a9d6c073c4f16b64147169b245606"
  name = "github.com/gin-gonic/gin"
  packages = [
    ".",
    "binding",
    "json",
    "render",
  ]
  pruneopts = "UT"
  revision = "b869fe1415e4b9eb52f247441830d502aece2d4d"
  version = "v1.3.0"

[[projects]]
  digest = "1:318f1c959a8a740366fce4b1e1eb2fd914036b4af58fbd0a003349b305f118ad"
  name = "github.com/golang/protobuf"
  packages = ["proto"]
  pruneopts = "UT"
  revision = "b5d812f8a3706043e23a9cd5babf2e5423744d30"
  version = "v1.3.1"

[[projects]]
  branch = "master"
  digest = "1:f14364057165381ea296e49f8870a9ffce2b8a95e34d6ae06c759106aaef428c"
  name = "github.com/hashicorp/go-uuid"
  packages = ["."]
  pruneopts = "UT"
  revision = "4f571afc59f3043a65f8fe6bf46d887b10a01d43"

[[projects]]
  branch = "master"
  digest = "1:ae221758bdddd57f5c76f4ee5e4110af32ee62583c46299094697f8f127e63da"
  name = "github.com/jcmturner/gofork"
  packages = [
    "encoding/asn1",
    "x/crypto/pbkdf2",
  ]
  pruneopts = "UT"
  revision = "dc7c13fece037a4a36e2b3c69db4991498d30692"

[[projects]]
  digest = "1:0ba2632215132e946413632241c2f9e67439addbe5f243b86bb81199bd15c8e9"
  name = "github.com/jinzhu/gorm"
  packages = ["."]
  pruneopts = "UT"
  revision = "81c17a7e2529c59efc4e74c5b32c1fb71fb12fa2"
  version = "v1.9.11"

[[projects]]
  digest = "1:01ed62f8f4f574d8aff1d88caee113700a2b44c42351943fa73cc1808f736a50"
  name = "github.com/jinzhu/inflection"
  packages = ["."]
  pruneopts = "UT"
  revision = "f5c5f50e6090ae76a29240b61ae2a90dd810112e"
  version = "v1.0.0"

[[projects]]
  branch = "master"
  digest = "1:ca41e6bafdc8d60c47dba38e9adfc75219a2892b09e5c2160161e7b6bf9562c2"
  name = "github.com/joeshaw/multierror"
  packages = ["."]
  pruneopts = "UT"
  revision = "69b34d4ec901851247ae7e77d33909caf9df99ed"

[[projects]]
  digest = "1:9a855f51d5eaf25dafc30cf0ad5844d5fb6aacec4ceb98a04ed2964562edbc0c"
  name = "github.com/json-iterator/go"
  packages = ["."]
  pruneopts = "UT"
  revision = "36b14963da70d11297d313183d7e6388c8510e1e"
  version = "1.0.0"

[[projects]]
  digest = "1:fa610f9fe6a93f4a75e64c83673dfff9bf1a34bbb21e6102021b6bc7850834a3"
  name = "github.com/mattn/go-isatty"
  packages = ["."]
  pruneopts = "UT"
  revision = "57fdcb988a5c543893cc61bce354a6e24ab70022"

[[projects]]
  digest = "1:cf31692c14422fa27c83a05292eb5cbe0fb2775972e8f1f8446a71549bd8980b"
  name = "github.com/pkg/errors"
  packages = ["."]
  pruneopts = "UT"
  revision = "ba968bfe8b2f7e042a574c888954fccecfa385b4"
  version = "v0.8.1"

[[projects]]
  branch = "master"
  digest = "1:9d62e12429921bbbdc2d1e3c81c6a2c128cc07046633ff92fb6d17376f74261d"
  name = "github.com/prometheus/procfs"
  packages = [
    ".",
    "internal/fs",
  ]
  pruneopts = "UT"
  revision = "5867b95ac084bbfee6ea16595c4e05ab009021da"

[[projects]]
  digest = "1:e7f81739e81b4cb2001317003cb20a36992f18fba4f4fb1d1aa6b1eaad796c51"
  name = "github.com/santhosh-tekuri/jsonschema"
  packages = ["."]
  pruneopts = "UT"
  revision = "b66b8146aeb197ab5d93f7641b51aff28e94cdae"
  version = "v2.0.0"

[[projects]]
  digest = "1:c268acaa4a4d94a467980e5e91452eb61c460145765293dc0aed48e5e9919cc6"
  name = "github.com/ugorji/go"
  packages = ["codec"]
  pruneopts = "UT"
  revision = "c88ee250d0221a57af388746f5cf03768c21d6e2"

[[projects]]
  digest = "1:220454f22582ee261c09b310a14e6979886069808a696005c5ca998f80eca0cf"
  name = "github.com/xinsnake/go-http-digest-auth-client"
  packages = ["."]
  pruneopts = "UT"
  revision = "9da83de55d71220f00cbffb736dba373e6e683b1"
  version = "v0.4.0"

[[projects]]
  digest = "1:37208509d69cdf53541a8a1353c890a1119c651c7e5ed4dd935ca01851b3043f"
  name = "go.elastic.co/apm"
  packages = [
    ".",
    "internal/apmconfig",
    "internal/apmcontext",
    "internal/apmhostutil",
    "internal/apmhttputil",
    "internal/apmlog",
    "internal/apmschema",
    "internal/apmstrings",
    "internal/iochan",
    "internal/pkgerrorsutil",
    "internal/ringbuffer",
    "internal/wildcard",
    "model",
    "module/apmgin",
    "module/apmhttp",
    "stacktrace",
    "transport",
  ]
  pruneopts = "UT"
  revision = "392aef3d73e277e8e82bb285e98516675130d84f"
  version = "v1.3.0"

[[projects]]
  digest = "1:48734c7f94880e24ce5e530e904223bfb70ac4802530f9a35fdb140bfefda2f3"
  name = "go.elastic.co/fastjson"
  packages = ["."]
  pruneopts = "UT"
  revision = "676cec79bd027a8a4618de0991f27cfe632978f1"
  version = "v1.0.0"

[[projects]]
  branch = "master"
  digest = "1:04b43fe96213ea69cfa6e6b8be218a43a375035ea09d9bdda9fed2691f5a7e76"
  name = "golang.org/x/crypto"
  packages = [
    "md4",
    "pbkdf2",
  ]
  pruneopts = "UT"
  revision = "a29dc8fdc73485234dbef99ebedb95d2eced08de"

[[projects]]
  branch = "master"
  digest = "1:f8b491a7c25030a895a0e579742d07136e6958e77ef2d46e769db8eec4e58fcd"
  name = "golang.org/x/net"
  packages = [
    "context",
    "context/ctxhttp",
  ]
  pruneopts = "UT"
  revision = "9ce7a6920f093fc0b908c4a5f66ae049110f417e"

[[projects]]
  branch = "master"
  digest = "1:42db9855754b70764a750d18920abbb65ed3f0cff17456f2f41d267740582cd9"
  name = "golang.org/x/sys"
  packages = [
    "unix",
    "windows",
    "windows/registry",
  ]
  pruneopts = "UT"
  revision = "d89cdac9e8725f2aefce25fcbfef41134c9ad412"

[[projects]]
  digest = "1:1b4724d3c8125f6044925f02b485b74bfec9905cbf579d95aafd1a6c8f8447d3"
  name = "gopkg.in/go-playground/validator.v8"
  packages = ["."]
  pruneopts = "UT"
  revision = "5f57d2222ad794d0dffb07e664ea05e2ee07d60c"
  version = "v8.18.1"

[[projects]]
  digest = "1:c902038ee2d6f964d3b9f2c718126571410c5d81251cbab9fe58abd37803513c"
  name = "gopkg.in/jcmturner/aescts.v1"
  packages = ["."]
  pruneopts = "UT"
  revision = "f6abebb3171c4c1b1fea279cb7c7325020a26290"
  version = "v1.0.1"

[[projects]]
  digest = "1:a1a3e185c03d79a7452d5d5b4c91be4cc433f55e6ed3a35233d852c966e39013"
  name = "gopkg.in/jcmturner/dnsutils.v1"
  packages = ["."]
  pruneopts = "UT"
  revision = "13eeb8d49ffb74d7a75784c35e4d900607a3943c"
  version = "v1.0.1"

[[projects]]
  digest = "1:653c1ef9be253f28c38612cc0fb0571dd440a3d61a97f82e6205d53942a7b4a9"
  name = "gopkg.in/jcmturner/gokrb5.v5"
  packages = [
    "asn1tools",
    "client",
    "config",
    "credentials",
    "crypto",
    "crypto/common",
    "crypto/etype",
    "crypto/rfc3961",
    "crypto/rfc3962",
    "crypto/rfc4757",
    "crypto/rfc8009",
    "gssapi",
    "iana",
    "iana/addrtype",
    "iana/adtype",
    "iana/asnAppTag",
    "iana/chksumtype",
    "iana/errorcode",
    "iana/etypeID",
    "iana/flags",
    "iana/keyusage",
    "iana/msgtype",
    "iana/nametype",
    "iana/patype",
    "kadmin",
    "keytab",
    "krberror",
    "messages",
    "mstypes",
    "pac",
    "types",
  ]
  pruneopts = "UT"
  revision = "32ba44ca5b42f17a4a9f33ff4305e70665a1bc0f"
  version = "v5.3.0"

[[projects]]
  digest = "1:917e312d1c83bac01db5771433a141f7e4754df0ebe83d2e8edc821320aff849"
  name = "gopkg.in/jcmturner/rpc.v0"
  packages = ["ndr"]
  pruneopts = "UT"
  revision = "4480c480c9cd343b54b0acb5b62261cbd33d7adf"
  version = "v0.0.2"

[[projects]]
  digest = "1:cacb98d52c60c337c2ce95a7af83ba0313a93ce5e73fa9e99a96aff70776b9d3"
  name = "gopkg.in/yaml.v2"
  packages = ["."]
  pruneopts = "UT"
  revision = "a5b47d31c556af34a302ce5d659e6fea44d90de0"

[[projects]]
  branch = "master"
  digest = "1:c10265d5a71326618d37e97169eddb3582f78e8ac7dcf87403b4cf619efd519a"
  name = "howett.net/plist"
  packages = ["."]
  pruneopts = "UT"
  revision = "591f970eefbbeb04d7b37f334a0c4c3256e32876"

[solve-meta]
  analyzer-name = "dep"
  analyzer-version = 1
  input-imports = [
    "github.com/apache/calcite-avatica-go",
    "github.com/gin-contrib/cors",
    "github.com/gin-gonic/gin",
    "github.com/jinzhu/gorm",
    "go.elastic.co/apm/module/apmgin",
  ]
  solver-name = "gps-cdcl"
  solver-version = 1
